lockfileVersion: '9.0'

settings:
  autoInstallPeers: true
  excludeLinksFromLockfile: false

importers:

  .:
    dependencies:
      malibu:
        specifier: ^1.0.6
        version: 1.0.6
    devDependencies:
      '@tinyhttp/app':
        specifier: 2.2.0
        version: 2.2.0
      '@tinyhttp/cookie-parser':
        specifier: ^2.0.6
        version: 2.0.6
      '@types/express-session':
        specifier: 1.17.8
        version: 1.17.8
      '@types/node':
        specifier: ^22.5.5
        version: 22.5.5
      express-session:
        specifier: 1.18.0
        version: 1.18.0
      milliparsec:
        specifier: 4.0.0
        version: 4.0.0
      supertest-fetch:
        specifier: 1.5.0
        version: 1.5.0
      tsm:
        specifier: ^2.3.0
        version: 2.3.0
      typescript:
        specifier: ^5.6.2
        version: 5.6.2
      uvu:
        specifier: ^0.5.6
        version: 0.5.6

packages:

  '@esbuild/android-arm@0.15.18':
    resolution: {integrity: sha512-5GT+kcs2WVGjVs7+boataCkO5Fg0y4kCjzkB5bAip7H4jfnOS3dA6KPiww9W1OEKTKeAcUVhdZGvgI65OXmUnw==}
    engines: {node: '>=12'}
    cpu: [arm]
    os: [android]

  '@esbuild/linux-loong64@0.15.18':
    resolution: {integrity: sha512-L4jVKS82XVhw2nvzLg/19ClLWg0y27ulRwuP7lcyL6AbUWB5aPglXY3M21mauDQMDfRLs8cQmeT03r/+X3cZYQ==}
    engines: {node: '>=12'}
    cpu: [loong64]
    os: [linux]

  '@tinyhttp/accepts@2.2.0':
    resolution: {integrity: sha512-Jz60vPt9eQDXtFNaTHGhVsFNEFoQxHldGhB0a6L1oS4MvGJNs6pX5Ibntgth2/DcdtR+PFtbOhKVsZf8kveDLw==}
    engines: {node: '>=12.20.0'}

  '@tinyhttp/app@2.2.0':
    resolution: {integrity: sha512-brR9Gucbh6Nu0cO56ig5jDl/jUMey3UKFSD6hu6TEwQY5sROk8sLI5bYKOuVZT1LMwk/OzX++Wa0mlk2AxRVYA==}
    engines: {node: '>=14.21.3'}

  '@tinyhttp/content-disposition@2.2.0':
    resolution: {integrity: sha512-w1dJaSAtcCinOlT/YQg35RnFCOBbCHBGDVhH4yLoiJVtecRAJ2cYMf5HP+UhfbXURa38GC8fkRXO0vODDTjmeg==}
    engines: {node: '>=12.20.0'}

  '@tinyhttp/content-type@0.1.4':
    resolution: {integrity: sha512-dl6f3SHIJPYbhsW1oXdrqOmLSQF/Ctlv3JnNfXAE22kIP7FosqJHxkz/qj2gv465prG8ODKH5KEyhBkvwrueKQ==}
    engines: {node: '>=12.4'}

  '@tinyhttp/cookie-parser@2.0.6':
    resolution: {integrity: sha512-hLcFr3ml6MBU71URUutvzh8p0PgqGpmTMcorUrRS+Fck0/q3tzScE+ghhocgIoSx/F6GRtS/TYJkJrjL/ickBw==}
    engines: {node: '>=12.4 || 14.x || >=16'}

  '@tinyhttp/cookie-signature@2.0.6':
    resolution: {integrity: sha512-ETEkKy9okt/hakLoNORK0a5UNzh6QEOJyngtb5fY1vbUc88phOio1mtq+iAPs45tlDx3scTk9mcmSglzbRFbXA==}
    engines: {node: '>=12.4.0'}

  '@tinyhttp/cookie-signature@2.1.0':
    resolution: {integrity: sha512-bpOXBGf9rKoajtEG75O7xjwW+u2I/NNPkJWJTDdr6j7Vx0lG5R9Hnl3ty80Af4jwyo90ywXVpZIxKLubPK6RzA==}
    engines: {node: '>=12.20.0'}

  '@tinyhttp/cookie-signature@2.1.1':
    resolution: {integrity: sha512-VDsSMY5OJfQJIAtUgeQYhqMPSZptehFSfvEEtxr+4nldPA8IImlp3QVcOVuK985g4AFR4Hl1sCbWCXoqBnVWnw==}
    engines: {node: '>=12.20.0'}

  '@tinyhttp/cookie@2.0.6':
    resolution: {integrity: sha512-aiRoK8YrzzcjHoL4kf1f44X6aCCWOkaMMnTfKYM4vmSEA2QNZPKU/DW1O06Wuv5TUHXnu2Kxtf0jV/OV1Inojg==}
    engines: {node: '>=12.4.0'}

  '@tinyhttp/cookie@2.1.0':
    resolution: {integrity: sha512-o56utxXvIuLTCtPm66r8lcyUufpw0RkO+u4wQrTbc6snyyGZZ9hHzGRxPyko0ks90ctOkLh0mNKn7YZaTWlvfw==}
    engines: {node: '>=12.20.0'}

  '@tinyhttp/cookie@2.1.1':
    resolution: {integrity: sha512-h/kL9jY0e0Dvad+/QU3efKZww0aTvZJslaHj3JTPmIPC9Oan9+kYqmh3M6L5JUQRuTJYFK2nzgL2iJtH2S+6dA==}
    engines: {node: '>=12.20.0'}

  '@tinyhttp/encode-url@2.1.0':
    resolution: {integrity: sha512-POXlTYIPReU5CBnNmJ1oyzPEpG9uI41bWoW5xBWomJkL6hQgArzlmU8i1kr8+JPf3O+MVBaJ5tMTS/09uOULZw==}
    engines: {node: '>=12.20.0'}

  '@tinyhttp/etag@2.1.0':
    resolution: {integrity: sha512-zb+SyhwOIaciIzYdoaUWDSJg1asFqRSE8gnDqaUA0nJKg8T1Y1c7Dauzs3QY4VApy2zdbI8gk23XZXOfzL1J0g==}
    engines: {node: '>=12.20.0'}

  '@tinyhttp/forwarded@2.1.1':
    resolution: {integrity: sha512-nO3kq0R1LRl2+CAMlnggm22zE6sT8gfvGbNvSitV6F9eaUSurHP0A8YZFMihSkugHxK+uIegh1TKrqgD8+lyGQ==}
    engines: {node: '>=12.20.0'}

  '@tinyhttp/proxy-addr@2.1.2':
    resolution: {integrity: sha512-gqb1RRxMVlvoq4Hg2O6pTVkjnb1beonDYpCNz5dLQEWtNf614KfeP6ih35MEzvda0g1fr09lq2Crp9cp1kvRNg==}
    engines: {node: '>=12.20.0'}

  '@tinyhttp/req@2.2.0':
    resolution: {integrity: sha512-Q8qBOdg4YXq299cK9y1EtJ4XDDLtBTvaO7IwE/xZuTwUfEscNeMf/w5FFYXtqhlZnQS+dxGeTv/dlcowBU3hFA==}
    engines: {node: '>=12.20.0'}

  '@tinyhttp/res@2.2.0':
    resolution: {integrity: sha512-kdZn6cOdlIlZYLj6sXgB+TRppkf/3Lfc/t1DdIy70COb3+CXN8KQvKgtjDirUBjRuMyKv141UtY6edfrt+BqMQ==}
    engines: {node: '>=12.20.0'}

  '@tinyhttp/router@2.2.1':
    resolution: {integrity: sha512-ssaXDGRfyAG3bTg2iXqma4N54ehVZLsQPD98/fePTJJxMDsirZYFYMvJaxyH7A7ezRrazys1ZyEDPa6tFDtoCQ==}
    engines: {node: '>=12.20.0'}

  '@tinyhttp/send@2.2.0':
    resolution: {integrity: sha512-MyWrmsdBci9p8JrSSqd0XuHoxtKfUZNbLQXGMVxf+BmZtcZW4TJV95FjTLnnZPLZ2+r30WpokYSYDiyK48U+Ag==}
    engines: {node: '>=12.20.0'}

  '@tinyhttp/type-is@2.2.0':
    resolution: {integrity: sha512-BtnndSlJ5mv2AUu6D3sweI39xVPSS/+9BaoXWSjCrNsN/fgAEaNZOOaIh+sUU3r0U99y0DQo9LEIwNaIO5nOig==}
    engines: {node: '>=12.20.0'}

  '@tinyhttp/url@2.1.0':
    resolution: {integrity: sha512-y+VhvhlpFAtIebuqrdwxmg0MpVb0BC5FJ3oWuDWqWkUQNqKAyBnJ2o5pb9AQ05yxX4HQqmxTQonvWAnpnBsiaw==}
    engines: {node: '>=12.20.0'}

  '@tinyhttp/vary@0.1.3':
    resolution: {integrity: sha512-SoL83sQXAGiHN1jm2VwLUWQSQeDAAl1ywOm6T0b0Cg1CZhVsjoiZadmjhxF6FHCCY7OHHVaLnTgSMxTPIDLxMg==}
    engines: {node: '>=12.20'}

  '@types/body-parser@1.19.5':
    resolution: {integrity: sha512-fB3Zu92ucau0iQ0JMCFQE7b/dv8Ot07NI3KaZIkIUNXq82k4eBAqUaneXfleGY9JWskeS9y+u0nXMyspcuQrCg==}

  '@types/connect@3.4.38':
    resolution: {integrity: sha512-K6uROf1LD88uDQqJCktA4yzL1YYAK6NgfsI0v/mTgyPKWsX1CnJ0XPSDhViejru1GcRkLWb8RlzFYJRqGUbaug==}

  '@types/express-serve-static-core@4.19.5':
    resolution: {integrity: sha512-y6W03tvrACO72aijJ5uF02FRq5cgDR9lUxddQ8vyF+GvmjJQqbzDcJngEjURc+ZsG31VI3hODNZJ2URj86pzmg==}

  '@types/express-session@1.17.8':
    resolution: {integrity: sha512-bFF7/3wOldMn+56XyFRGY9ZzCr3JWhNSP2ajMPgTlbZR6BQOCHdAbNA9W5dMBPgMywpIP4zkmhxP6Opm/NRYMQ==}

  '@types/express@4.17.21':
    resolution: {integrity: sha512-ejlPM315qwLpaQlQDTjPdsUFSc6ZsP4AN6AlWnogPjQ7CVi7PYF3YVz+CY3jE2pwYf7E/7HlDAN0rV2GxTG0HQ==}

  '@types/http-errors@2.0.4':
    resolution: {integrity: sha512-D0CFMMtydbJAegzOyHjtiKPLlvnm3iTZyZRSZoLq2mRhDdmLfIWOCYPfQJ4cu2erKghU++QvjcUjp/5h7hESpA==}

  '@types/mime@1.3.5':
    resolution: {integrity: sha512-/pyBZWSLD2n0dcHE3hq8s8ZvcETHtEuF+3E7XVt0Ig2nvsVQXdghHVcEkIWjy9A0wKfTn97a/PSDYohKIlnP/w==}

  '@types/node-fetch@2.6.11':
    resolution: {integrity: sha512-24xFj9R5+rfQJLRyM56qh+wnVSYhyXC2tkoBndtY0U+vubqNsYXGjufB2nn8Q6gt0LrARwL6UBtMCSVCwl4B1g==}

  '@types/node@22.5.5':
    resolution: {integrity: sha512-Xjs4y5UPO/CLdzpgR6GirZJx36yScjh73+2NlLlkFRSoQN8B0DpfXPdZGnvVmLRLOsqDpOfTNv7D9trgGhmOIA==}

  '@types/qs@6.9.16':
    resolution: {integrity: sha512-7i+zxXdPD0T4cKDuxCUXJ4wHcsJLwENa6Z3dCu8cfCK743OGy5Nu1RmAGqDPsoTDINVEcdXKRvR/zre+P2Ku1A==}

  '@types/range-parser@1.2.7':
    resolution: {integrity: sha512-hKormJbkJqzQGhziax5PItDUTMAM9uE2XXQmM37dyd4hVM+5aVl7oVxMVUiVQn2oCQFN/LKCZdvSM0pFRqbSmQ==}

  '@types/send@0.17.4':
    resolution: {integrity: sha512-x2EM6TJOybec7c52BX0ZspPodMsQUd5L6PRwOunVyVUhXiBSKf3AezDL8Dgvgt5o0UfKNfuA0eMLr2wLT4AiBA==}

  '@types/serve-static@1.15.7':
    resolution: {integrity: sha512-W8Ym+h8nhuRwaKPaDw34QUkwsGi6Rc4yYqvKFo5rm2FUEhCFbzVWrxXUxuKK8TASjWsysJY0nsmNCGhCOIsrOw==}

  asynckit@0.4.0:
    resolution: {integrity: sha512-Oei9OH4tRh0YqU3GxhX79dM/mwVgvbZJaSNaRk+bshkj0S5cfHcgYakreBjrHwatXKbz+IoIdYLxrKim2MjW0Q==}

  combined-stream@1.0.8:
    resolution: {integrity: sha512-FQN4MRfuJeHf7cBbBMJFXhKSDq+2kAArBlmRBvcvFE5BB1HZKXtSFASDhdlz9zOYwxh8lDdnvmMOe/+5cdoEdg==}
    engines: {node: '>= 0.8'}

  cookie-signature@1.0.7:
    resolution: {integrity: sha512-NXdYc3dLr47pBkpUCHtKSwIOQXLVn8dZEuywboCOJY/osA0wFSLlSawr3KN8qXJEyX66FcONTH8EIlVuK0yyFA==}

  cookie@0.6.0:
    resolution: {integrity: sha512-U71cyTamuh1CRNCfpGY6to28lxvNwPG4Guz/EVjgf3Jmzv0vlDp1atT9eS5dDjMYHucpHbWns6Lwf3BKz6svdw==}
    engines: {node: '>= 0.6'}

  debug@2.6.9:
    resolution: {integrity: sha512-bC7ElrdJaJnPbAP+1EotYvqZsb3ecl5wi6Bfi6BJTUcNowp6cvspg0jXznRTKDjm/E7AdgFBVeAPVMNcKGsHMA==}
    peerDependencies:
      supports-color: '*'
    peerDependenciesMeta:
      supports-color:
        optional: true

  delayed-stream@1.0.0:
    resolution: {integrity: sha512-ZySD7Nf91aLB0RxL4KGrKHBXl7Eds1DAmEdcoVawXnLD7SDhpNgtuII2aAkg7a7QS41jxPSZ17p4VdGnMHk3MQ==}
    engines: {node: '>=0.4.0'}

  depd@2.0.0:
    resolution: {integrity: sha512-g7nH6P6dyDioJogAAGprGpCtVImJhpPk/roCzdb3fIh61/s/nPsfR6onyMwkCAR/OlC3yBC0lESvUoQEAssIrw==}
    engines: {node: '>= 0.8'}

  dequal@2.0.3:
    resolution: {integrity: sha512-0je+qPKHEMohvfRTCEo3CrPG6cAzAYgmzKyxRiYSSDkS6eGJdyVJm7WaYA5ECaAD9wLB2T4EEeymA5aFVcYXCA==}
    engines: {node: '>=6'}

  diff@5.2.0:
    resolution: {integrity: sha512-uIFDxqpRZGZ6ThOk84hEfqWoHx2devRFvpTZcTHur85vImfaxUbTW9Ryh4CpCuDnToOP1CEtXKIgytHBPVff5A==}
    engines: {node: '>=0.3.1'}

  es-escape-html@0.1.1:
    resolution: {integrity: sha512-yUx1o+8RsG7UlszmYPtks+dm6Lho2m8lgHMOsLJQsFI0R8XwUJwiMhM1M4E/S8QLeGyf6MkDV/pWgjQ0tdTSyQ==}
    engines: {node: '>=12.x'}

  esbuild-android-64@0.15.18:
    resolution: {integrity: sha512-wnpt3OXRhcjfIDSZu9bnzT4/TNTDsOUvip0foZOUBG7QbSt//w3QV4FInVJxNhKc/ErhUxc5z4QjHtMi7/TbgA==}
    engines: {node: '>=12'}
    cpu: [x64]
    os: [android]

  esbuild-android-arm64@0.15.18:
    resolution: {integrity: sha512-G4xu89B8FCzav9XU8EjsXacCKSG2FT7wW9J6hOc18soEHJdtWu03L3TQDGf0geNxfLTtxENKBzMSq9LlbjS8OQ==}
    engines: {node: '>=12'}
    cpu: [arm64]
    os: [android]

  esbuild-darwin-64@0.15.18:
    resolution: {integrity: sha512-2WAvs95uPnVJPuYKP0Eqx+Dl/jaYseZEUUT1sjg97TJa4oBtbAKnPnl3b5M9l51/nbx7+QAEtuummJZW0sBEmg==}
    engines: {node: '>=12'}
    cpu: [x64]
    os: [darwin]

  esbuild-darwin-arm64@0.15.18:
    resolution: {integrity: sha512-tKPSxcTJ5OmNb1btVikATJ8NftlyNlc8BVNtyT/UAr62JFOhwHlnoPrhYWz09akBLHI9nElFVfWSTSRsrZiDUA==}
    engines: {node: '>=12'}
    cpu: [arm64]
    os: [darwin]

  esbuild-freebsd-64@0.15.18:
    resolution: {integrity: sha512-TT3uBUxkteAjR1QbsmvSsjpKjOX6UkCstr8nMr+q7zi3NuZ1oIpa8U41Y8I8dJH2fJgdC3Dj3CXO5biLQpfdZA==}
    engines: {node: '>=12'}
    cpu: [x64]
    os: [freebsd]

  esbuild-freebsd-arm64@0.15.18:
    resolution: {integrity: sha512-R/oVr+X3Tkh+S0+tL41wRMbdWtpWB8hEAMsOXDumSSa6qJR89U0S/PpLXrGF7Wk/JykfpWNokERUpCeHDl47wA==}
    engines: {node: '>=12'}
    cpu: [arm64]
    os: [freebsd]

  esbuild-linux-32@0.15.18:
    resolution: {integrity: sha512-lphF3HiCSYtaa9p1DtXndiQEeQDKPl9eN/XNoBf2amEghugNuqXNZA/ZovthNE2aa4EN43WroO0B85xVSjYkbg==}
    engines: {node: '>=12'}
    cpu: [ia32]
    os: [linux]

  esbuild-linux-64@0.15.18:
    resolution: {integrity: sha512-hNSeP97IviD7oxLKFuii5sDPJ+QHeiFTFLoLm7NZQligur8poNOWGIgpQ7Qf8Balb69hptMZzyOBIPtY09GZYw==}
    engines: {node: '>=12'}
    cpu: [x64]
    os: [linux]

  esbuild-linux-arm64@0.15.18:
    resolution: {integrity: sha512-54qr8kg/6ilcxd+0V3h9rjT4qmjc0CccMVWrjOEM/pEcUzt8X62HfBSeZfT2ECpM7104mk4yfQXkosY8Quptug==}
    engines: {node: '>=12'}
    cpu: [arm64]
    os: [linux]

  esbuild-linux-arm@0.15.18:
    resolution: {integrity: sha512-UH779gstRblS4aoS2qpMl3wjg7U0j+ygu3GjIeTonCcN79ZvpPee12Qun3vcdxX+37O5LFxz39XeW2I9bybMVA==}
    engines: {node: '>=12'}
    cpu: [arm]
    os: [linux]

  esbuild-linux-mips64le@0.15.18:
    resolution: {integrity: sha512-Mk6Ppwzzz3YbMl/ZZL2P0q1tnYqh/trYZ1VfNP47C31yT0K8t9s7Z077QrDA/guU60tGNp2GOwCQnp+DYv7bxQ==}
    engines: {node: '>=12'}
    cpu: [mips64el]
    os: [linux]

  esbuild-linux-ppc64le@0.15.18:
    resolution: {integrity: sha512-b0XkN4pL9WUulPTa/VKHx2wLCgvIAbgwABGnKMY19WhKZPT+8BxhZdqz6EgkqCLld7X5qiCY2F/bfpUUlnFZ9w==}
    engines: {node: '>=12'}
    cpu: [ppc64]
    os: [linux]

  esbuild-linux-riscv64@0.15.18:
    resolution: {integrity: sha512-ba2COaoF5wL6VLZWn04k+ACZjZ6NYniMSQStodFKH/Pu6RxzQqzsmjR1t9QC89VYJxBeyVPTaHuBMCejl3O/xg==}
    engines: {node: '>=12'}
    cpu: [riscv64]
    os: [linux]

  esbuild-linux-s390x@0.15.18:
    resolution: {integrity: sha512-VbpGuXEl5FCs1wDVp93O8UIzl3ZrglgnSQ+Hu79g7hZu6te6/YHgVJxCM2SqfIila0J3k0csfnf8VD2W7u2kzQ==}
    engines: {node: '>=12'}
    cpu: [s390x]
    os: [linux]

  esbuild-netbsd-64@0.15.18:
    resolution: {integrity: sha512-98ukeCdvdX7wr1vUYQzKo4kQ0N2p27H7I11maINv73fVEXt2kyh4K4m9f35U1K43Xc2QGXlzAw0K9yoU7JUjOg==}
    engines: {node: '>=12'}
    cpu: [x64]
    os: [netbsd]

  esbuild-openbsd-64@0.15.18:
    resolution: {integrity: sha512-yK5NCcH31Uae076AyQAXeJzt/vxIo9+omZRKj1pauhk3ITuADzuOx5N2fdHrAKPxN+zH3w96uFKlY7yIn490xQ==}
    engines: {node: '>=12'}
    cpu: [x64]
    os: [openbsd]

  esbuild-sunos-64@0.15.18:
    resolution: {integrity: sha512-On22LLFlBeLNj/YF3FT+cXcyKPEI263nflYlAhz5crxtp3yRG1Ugfr7ITyxmCmjm4vbN/dGrb/B7w7U8yJR9yw==}
    engines: {node: '>=12'}
    cpu: [x64]
    os: [sunos]

  esbuild-windows-32@0.15.18:
    resolution: {integrity: sha512-o+eyLu2MjVny/nt+E0uPnBxYuJHBvho8vWsC2lV61A7wwTWC3jkN2w36jtA+yv1UgYkHRihPuQsL23hsCYGcOQ==}
    engines: {node: '>=12'}
    cpu: [ia32]
    os: [win32]

  esbuild-windows-64@0.15.18:
    resolution: {integrity: sha512-qinug1iTTaIIrCorAUjR0fcBk24fjzEedFYhhispP8Oc7SFvs+XeW3YpAKiKp8dRpizl4YYAhxMjlftAMJiaUw==}
    engines: {node: '>=12'}
    cpu: [x64]
    os: [win32]

  esbuild-windows-arm64@0.15.18:
    resolution: {integrity: sha512-q9bsYzegpZcLziq0zgUi5KqGVtfhjxGbnksaBFYmWLxeV/S1fK4OLdq2DFYnXcLMjlZw2L0jLsk1eGoB522WXQ==}
    engines: {node: '>=12'}
    cpu: [arm64]
    os: [win32]

  esbuild@0.15.18:
    resolution: {integrity: sha512-x/R72SmW3sSFRm5zrrIjAhCeQSAWoni3CmHEqfQrZIQTM3lVCdehdwuIqaOtfC2slvpdlLa62GYoN8SxT23m6Q==}
    engines: {node: '>=12'}
    hasBin: true

  express-session@1.18.0:
    resolution: {integrity: sha512-m93QLWr0ju+rOwApSsyso838LQwgfs44QtOP/WBiwtAgPIo/SAh1a5c6nn2BR6mFNZehTpqKDESzP+fRHVbxwQ==}
    engines: {node: '>= 0.8.0'}

  form-data@4.0.0:
    resolution: {integrity: sha512-ETEklSGi5t0QMZuiXoA/Q6vcnxcLQP5vdugSpuAyi6SVGi2clPPp+xgEhuMaHC+zGgn31Kd235W35f7Hykkaww==}
    engines: {node: '>= 6'}

  header-range-parser@1.1.3:
    resolution: {integrity: sha512-B9zCFt3jH8g09LR1vHL4pcAn8yMEtlSlOUdQemzHMRKMImNIhhszdeosYFfNW0WXKQtXIlWB+O4owHJKvEJYaA==}
    engines: {node: '>=12.22.0'}

  ipaddr.js@2.2.0:
    resolution: {integrity: sha512-Ag3wB2o37wslZS19hZqorUnrnzSkpOVy+IiiDEiTqNubEYpYuHWIf6K4psgN2ZWKExS4xhVCrRVfb/wfW8fWJA==}
    engines: {node: '>= 10'}

  kleur@4.1.5:
    resolution: {integrity: sha512-o+NO+8WrRiQEE4/7nwRJhN1HWpVmJm511pBHUxPLtp0BUISzlBplORYSmTclCnJvQq2tKu/sgl3xVpkc7ZWuQQ==}
    engines: {node: '>=6'}

  malibu@1.0.6:
    resolution: {integrity: sha512-d80CbscnvjISvDBupGWmZX/uj7w+2Eek2hXvJe3K1Jg17yXHEz3jnIu68qsCOajAN9Bd1YVShvO9X6uGNLEJDw==}
    engines: {node: ^12.20.0 || ^14.13.1 || >=16.0.0}

  milliparsec@4.0.0:
    resolution: {integrity: sha512-/wk9d4Z6/9ZvoEH/6BI4TrTCgmkpZPuSRN/6fI9aUHOfXdNTuj/VhLS7d+NqG26bi6L9YmGXutVYvWC8zQ0qtA==}
    engines: {node: '>=20'}

  mime-db@1.52.0:
    resolution: {integrity: sha512-sPU4uV7dYlvtWJxwwxHD0PuihVNiE7TyAbQ5SWxDCB9mUYvOgroQOwYQQOKPJ8CIbE+1ETVlOoK1UC2nU3gYvg==}
    engines: {node: '>= 0.6'}

  mime-types@2.1.35:
    resolution: {integrity: sha512-ZDY+bPm5zTTF+YpCrAU9nK0UgICYPT0QtT1NZWFv4s++TNkcgVaT0g6+4R2uI4MjQjzysHB1zxuWL50hzaeXiw==}
    engines: {node: '>= 0.6'}

  mime@4.0.0-beta.1:
    resolution: {integrity: sha512-8/p99P1RV17prytee/A6D+8shNqdDzyvGJ/CVfiuXwh4cTsv3P3qGyaYSx2hdqnqbKKqYUfTC5zAjCtcd1BShw==}
    engines: {node: '>=16'}
    hasBin: true

  mri@1.2.0:
    resolution: {integrity: sha512-tzzskb3bG8LvYGFF/mDTpq3jpI6Q9wc3LEmBaghu+DdCssd1FakN7Bc0hVNmEyGq1bq3RgfkCb3cmQLpNPOroA==}
    engines: {node: '>=4'}

  ms@2.0.0:
    resolution: {integrity: sha512-Tpp60P6IUJDTuOq/5Z8cdskzJujfwqfOTkrwIwj7IRISpnkJnT6SyJ4PCPnGMoFjC9ddhal5KVIYtAt97ix05A==}

  negotiator@0.6.3:
    resolution: {integrity: sha512-+EUsqGPLsM+j/zdChZjsnX51g4XrHFOIXwfnCVPGlQk/k5giakcKsuxCObBRu6DSm9opw/O6slWbJdghQM4bBg==}
    engines: {node: '>= 0.6'}

  node-fetch@2.7.0:
    resolution: {integrity: sha512-c4FRfUm/dbcWZ7U+1Wq0AwCyFL+3nt2bEw05wfxSz+DWpWsitgmSgYmy2dQdWyKC1694ELPqMs/YzUSNozLt8A==}
    engines: {node: 4.x || >=6.0.0}
    peerDependencies:
      encoding: ^0.1.0
    peerDependenciesMeta:
      encoding:
        optional: true

  on-headers@1.0.2:
    resolution: {integrity: sha512-pZAE+FJLoyITytdqK0U5s+FIpjN0JP3OzFi/u8Rx+EV5/W+JTWGXG8xFzevE7AjBfDqHv/8vL8qQsIhHnqRkrA==}
    engines: {node: '>= 0.8'}

  parseurl@1.3.3:
    resolution: {integrity: sha512-CiyeOxFT/JZyN5m0z9PfXw4SCBJ6Sygz1Dpl0wqjlhDEGGBP1GnsUVEL0p63hoG1fcj3fHynXi9NYO4nWOL+qQ==}
    engines: {node: '>= 0.8'}

  random-bytes@1.0.0:
    resolution: {integrity: sha512-iv7LhNVO047HzYR3InF6pUcUsPQiHTM1Qal51DcGSuZFBil1aBBWG5eHPNek7bvILMaYJ/8RU1e8w1AMdHmLQQ==}
    engines: {node: '>= 0.8'}

  regexparam@2.0.2:
    resolution: {integrity: sha512-A1PeDEYMrkLrfyOwv2jwihXbo9qxdGD3atBYQA9JJgreAx8/7rC6IUkWOw2NQlOxLp2wL0ifQbh1HuidDfYA6w==}
    engines: {node: '>=8'}

  sade@1.8.1:
    resolution: {integrity: sha512-xal3CZX1Xlo/k4ApwCFrHVACi9fBqJ7V+mwhBsuf/1IOKbBy098Fex+Wa/5QMubw09pSZ/u8EY8PWgevJsXp1A==}
    engines: {node: '>=6'}

  safe-buffer@5.2.1:
    resolution: {integrity: sha512-rp3So07KcdmmKbGvgaNxQSJr7bGVSVk5S9Eq1F+ppbRo70+YeaDxkw5Dd8NPN+GD6bjnYm2VuPuCXmpuYvmCXQ==}

  supertest-fetch@1.5.0:
    resolution: {integrity: sha512-B4hy3WLbRQiRqoJR1eKN9E1MdZZeeeHe/ARAjYhwpP6i1XcZJI7Yt9jTYJO6Tj6o2/SvZbxsI05c3XheuTfR6w==}

  tr46@0.0.3:
    resolution: {integrity: sha512-N3WMsuqV66lT30CrXNbEjx4GEwlow3v6rr4mCcv6prnfwhS01rkgyFdjPNBYd9br7LpXV1+Emh01fHnq2Gdgrw==}

  tsm@2.3.0:
    resolution: {integrity: sha512-++0HFnmmR+gMpDtKTnW3XJ4yv9kVGi20n+NfyQWB9qwJvTaIWY9kBmzek2YUQK5APTQ/1DTrXmm4QtFPmW9Rzw==}
    engines: {node: '>=12'}
    hasBin: true

  typescript@5.6.2:
    resolution: {integrity: sha512-NW8ByodCSNCwZeghjN3o+JX5OFH0Ojg6sadjEKY4huZ52TqbJTJnDo5+Tw98lSy63NZvi4n+ez5m2u5d4PkZyw==}
    engines: {node: '>=14.17'}
    hasBin: true

  uid-safe@2.1.5:
    resolution: {integrity: sha512-KPHm4VL5dDXKz01UuEd88Df+KzynaohSL9fBh096KWAxSKZQDI2uBrVqtvRM4rwrIrRRKsdLNML/lnaaVSRioA==}
    engines: {node: '>= 0.8'}

  undici-types@6.19.8:
    resolution: {integrity: sha512-ve2KP6f/JnbPBFyobGHuerC9g1FYGn/F8n1LWTwNxCEzd6IfqTwUQcNXgEtmmQ6DlRrC1hrSrBnCZPokRrDHjw==}

  uvu@0.5.6:
    resolution: {integrity: sha512-+g8ENReyr8YsOc6fv/NVJs2vFdHBnBNdfE49rshrTzDWOlUx4Gq7KOS2GD8eqhy2j+Ejq29+SbKH8yjkAqXqoA==}
    engines: {node: '>=8'}
    hasBin: true

  webidl-conversions@3.0.1:
    resolution: {integrity: sha512-2JAn3z8AR6rjK8Sm8orRC0h/bcl/DqL7tRPdGZ4I1CjdF+EaMLmYxBHyXuKL849eucPFhvBoxMsflfOb8kxaeQ==}

  whatwg-url@5.0.0:
    resolution: {integrity: sha512-saE57nupxk6v3HY35+jzBwYa0rKSy0XR8JSxZPwgLr7ys0IBzhGviA1/TUGJLmSVqs8pb9AnvICXEuOHLprYTw==}

snapshots:

  '@esbuild/android-arm@0.15.18':
    optional: true

  '@esbuild/linux-loong64@0.15.18':
    optional: true

  '@tinyhttp/accepts@2.2.0':
    dependencies:
      mime: 4.0.0-beta.1
      negotiator: 0.6.3

  '@tinyhttp/app@2.2.0':
    dependencies:
      '@tinyhttp/cookie': 2.1.0
      '@tinyhttp/proxy-addr': 2.1.2
      '@tinyhttp/req': 2.2.0
      '@tinyhttp/res': 2.2.0
      '@tinyhttp/router': 2.2.1
      header-range-parser: 1.1.3
      regexparam: 2.0.2

  '@tinyhttp/content-disposition@2.2.0': {}

  '@tinyhttp/content-type@0.1.4': {}

  '@tinyhttp/cookie-parser@2.0.6':
    dependencies:
      '@tinyhttp/cookie': 2.1.1
      '@tinyhttp/cookie-signature': 2.1.1

  '@tinyhttp/cookie-signature@2.0.6': {}

  '@tinyhttp/cookie-signature@2.1.0': {}

  '@tinyhttp/cookie-signature@2.1.1': {}

  '@tinyhttp/cookie@2.0.6': {}

  '@tinyhttp/cookie@2.1.0': {}

  '@tinyhttp/cookie@2.1.1': {}

  '@tinyhttp/encode-url@2.1.0': {}

  '@tinyhttp/etag@2.1.0': {}

  '@tinyhttp/forwarded@2.1.1': {}

  '@tinyhttp/proxy-addr@2.1.2':
    dependencies:
      '@tinyhttp/forwarded': 2.1.1
      ipaddr.js: 2.2.0

  '@tinyhttp/req@2.2.0':
    dependencies:
      '@tinyhttp/accepts': 2.2.0
      '@tinyhttp/type-is': 2.2.0
      '@tinyhttp/url': 2.1.0
      header-range-parser: 1.1.3

  '@tinyhttp/res@2.2.0':
    dependencies:
      '@tinyhttp/content-disposition': 2.2.0
      '@tinyhttp/cookie': 2.1.0
      '@tinyhttp/cookie-signature': 2.1.0
      '@tinyhttp/encode-url': 2.1.0
      '@tinyhttp/req': 2.2.0
      '@tinyhttp/send': 2.2.0
      '@tinyhttp/vary': 0.1.3
      es-escape-html: 0.1.1
      mime: 4.0.0-beta.1

  '@tinyhttp/router@2.2.1': {}

  '@tinyhttp/send@2.2.0':
    dependencies:
      '@tinyhttp/content-type': 0.1.4
      '@tinyhttp/etag': 2.1.0
      mime: 4.0.0-beta.1

  '@tinyhttp/type-is@2.2.0':
    dependencies:
      '@tinyhttp/content-type': 0.1.4
      mime: 4.0.0-beta.1

  '@tinyhttp/url@2.1.0': {}

  '@tinyhttp/vary@0.1.3': {}

  '@types/body-parser@1.19.5':
    dependencies:
      '@types/connect': 3.4.38
      '@types/node': 22.5.5

  '@types/connect@3.4.38':
    dependencies:
      '@types/node': 22.5.5

  '@types/express-serve-static-core@4.19.5':
    dependencies:
      '@types/node': 22.5.5
      '@types/qs': 6.9.16
      '@types/range-parser': 1.2.7
      '@types/send': 0.17.4

  '@types/express-session@1.17.8':
    dependencies:
      '@types/express': 4.17.21

  '@types/express@4.17.21':
    dependencies:
      '@types/body-parser': 1.19.5
      '@types/express-serve-static-core': 4.19.5
      '@types/qs': 6.9.16
      '@types/serve-static': 1.15.7

  '@types/http-errors@2.0.4': {}

  '@types/mime@1.3.5': {}

  '@types/node-fetch@2.6.11':
    dependencies:
      '@types/node': 22.5.5
      form-data: 4.0.0

  '@types/node@22.5.5':
    dependencies:
      undici-types: 6.19.8

  '@types/qs@6.9.16': {}

  '@types/range-parser@1.2.7': {}

  '@types/send@0.17.4':
    dependencies:
      '@types/mime': 1.3.5
      '@types/node': 22.5.5

  '@types/serve-static@1.15.7':
    dependencies:
      '@types/http-errors': 2.0.4
      '@types/node': 22.5.5
      '@types/send': 0.17.4

  asynckit@0.4.0: {}

  combined-stream@1.0.8:
    dependencies:
      delayed-stream: 1.0.0

  cookie-signature@1.0.7: {}

  cookie@0.6.0: {}

  debug@2.6.9:
    dependencies:
      ms: 2.0.0

  delayed-stream@1.0.0: {}

  depd@2.0.0: {}

  dequal@2.0.3: {}

  diff@5.2.0: {}

  es-escape-html@0.1.1: {}

  esbuild-android-64@0.15.18:
    optional: true

  esbuild-android-arm64@0.15.18:
    optional: true

  esbuild-darwin-64@0.15.18:
    optional: true

  esbuild-darwin-arm64@0.15.18:
    optional: true

  esbuild-freebsd-64@0.15.18:
    optional: true

  esbuild-freebsd-arm64@0.15.18:
    optional: true

  esbuild-linux-32@0.15.18:
    optional: true

  esbuild-linux-64@0.15.18:
    optional: true

  esbuild-linux-arm64@0.15.18:
    optional: true

  esbuild-linux-arm@0.15.18:
    optional: true

  esbuild-linux-mips64le@0.15.18:
    optional: true

  esbuild-linux-ppc64le@0.15.18:
    optional: true

  esbuild-linux-riscv64@0.15.18:
    optional: true

  esbuild-linux-s390x@0.15.18:
    optional: true

  esbuild-netbsd-64@0.15.18:
    optional: true

  esbuild-openbsd-64@0.15.18:
    optional: true

  esbuild-sunos-64@0.15.18:
    optional: true

  esbuild-windows-32@0.15.18:
    optional: true

  esbuild-windows-64@0.15.18:
    optional: true

  esbuild-windows-arm64@0.15.18:
    optional: true

  esbuild@0.15.18:
    optionalDependencies:
      '@esbuild/android-arm': 0.15.18
      '@esbuild/linux-loong64': 0.15.18
      esbuild-android-64: 0.15.18
      esbuild-android-arm64: 0.15.18
      esbuild-darwin-64: 0.15.18
      esbuild-darwin-arm64: 0.15.18
      esbuild-freebsd-64: 0.15.18
      esbuild-freebsd-arm64: 0.15.18
      esbuild-linux-32: 0.15.18
      esbuild-linux-64: 0.15.18
      esbuild-linux-arm: 0.15.18
      esbuild-linux-arm64: 0.15.18
      esbuild-linux-mips64le: 0.15.18
      esbuild-linux-ppc64le: 0.15.18
      esbuild-linux-riscv64: 0.15.18
      esbuild-linux-s390x: 0.15.18
      esbuild-netbsd-64: 0.15.18
      esbuild-openbsd-64: 0.15.18
      esbuild-sunos-64: 0.15.18
      esbuild-windows-32: 0.15.18
      esbuild-windows-64: 0.15.18
      esbuild-windows-arm64: 0.15.18

  express-session@1.18.0:
    dependencies:
      cookie: 0.6.0
      cookie-signature: 1.0.7
      debug: 2.6.9
      depd: 2.0.0
      on-headers: 1.0.2
      parseurl: 1.3.3
      safe-buffer: 5.2.1
      uid-safe: 2.1.5
    transitivePeerDependencies:
      - supports-color

  form-data@4.0.0:
    dependencies:
      asynckit: 0.4.0
      combined-stream: 1.0.8
      mime-types: 2.1.35

  header-range-parser@1.1.3: {}

  ipaddr.js@2.2.0: {}

  kleur@4.1.5: {}

  malibu@1.0.6:
    dependencies:
      '@tinyhttp/cookie': 2.0.6
      '@tinyhttp/cookie-signature': 2.0.6

  milliparsec@4.0.0: {}

  mime-db@1.52.0: {}

  mime-types@2.1.35:
    dependencies:
      mime-db: 1.52.0

  mime@4.0.0-beta.1: {}

  mri@1.2.0: {}

  ms@2.0.0: {}

  negotiator@0.6.3: {}

  node-fetch@2.7.0:
    dependencies:
      whatwg-url: 5.0.0

  on-headers@1.0.2: {}

  parseurl@1.3.3: {}

  random-bytes@1.0.0: {}

  regexparam@2.0.2: {}

  sade@1.8.1:
    dependencies:
      mri: 1.2.0

  safe-buffer@5.2.1: {}

  supertest-fetch@1.5.0:
    dependencies:
      '@types/express': 4.17.21
      '@types/node-fetch': 2.6.11
      node-fetch: 2.7.0
    transitivePeerDependencies:
      - encoding

  tr46@0.0.3: {}

  tsm@2.3.0:
    dependencies:
      esbuild: 0.15.18

  typescript@5.6.2: {}

  uid-safe@2.1.5:
    dependencies:
      random-bytes: 1.0.0

  undici-types@6.19.8: {}

  uvu@0.5.6:
    dependencies:
      dequal: 2.0.3
      diff: 5.2.0
      kleur: 4.1.5
      sade: 1.8.1

  webidl-conversions@3.0.1: {}

  whatwg-url@5.0.0:
    dependencies:
      tr46: 0.0.3
      webidl-conversions: 3.0.1
